
Microsoft Visual Studio Solution File, Format Version 9.00
# Visual Studio 2005
Project("{8BC9CEB8-8B4A-11D0-8D11-00A0C91BC942}") = "srHuffTemplate", "srHuffTemplate\srHuffTemplate.vcproj", "{D2D877D3-EA1A-47BB-81B6-ABBFA7C7CA31}"
EndProject
Global
	GlobalSection(SolutionConfigurationPlatforms) = preSolution
		Debug|Win32 = Debug|Win32
		Release|Win32 = Release|Win32
	EndGlobalSection
	GlobalSection(ProjectConfigurationPlatforms) = postSolution
		{D2D877D3-EA1A-47BB-81B6-ABBFA7C7CA31}.Debug|Win32.ActiveCfg = Debug|Win32
		{D2D877D3-EA1A-47BB-81B6-ABBFA7C7CA31}.Debug|Win32.Build.0 = Debug|Win32
		{D2D877D3-EA1A-47BB-81B6-ABBFA7C7CA31}.Release|Win32.ActiveCfg = Release|Win32
		{D2D877D3-EA1A-47BB-81B6-ABBFA7C7CA31}.Release|Win32.Build.0 = Release|Win32
	EndGlobalSection
	GlobalSection(SolutionProperties) = preSolution
		HideSolutionNode = FALSE
	EndGlobalSection
EndGlobal
